{
  "name": "react-eventmanager",
  "version": "0.0.1",
  "lockfileVersion": 1,
  "requires": true,
  "dependencies": {
    "es6-eventemitter": {
      "version": "0.8.4",
      "resolved": "https://registry.npmjs.org/es6-eventemitter/-/es6-eventemitter-0.8.4.tgz",
      "integrity": "sha512-STnlcfVbOmAZ7giITOB13Zm0Wi+0fomG/9jryXAaQAfH1te4JYjz6pHFf/8ehb6wLgpiz4L6FmVStvHoXa+jOA==",
      "requires": {
        "immunity": "0.8.4"
      }
    },
    "immunity": {
      "version": "0.8.4",
      "resolved": "https://registry.npmjs.org/immunity/-/immunity-0.8.4.tgz",
      "integrity": "sha512-w0sCmCxEuUP46wv8XzG56Mk6zPlRg+mk0DBkBTtOGo8dCd0zoIOYc4JiM0hajuYJQB6lM8FvRp5x2hkPVc80uw==",
      "requires": {
        "ponyfills": "0.8.4"
      }
    },
    "ponyfills": {
      "version": "0.8.4",
      "resolved": "https://registry.npmjs.org/ponyfills/-/ponyfills-0.8.4.tgz",
      "integrity": "sha512-azytx0c0lF1hnJ7fsGDMd+buBtZ/JEg/2Grb1MIl5X7iYqfVO2it97lOOllpyynlqsHrmEd14/FUTnc1ObBSKg=="
    }
  }
}
